// !$*UTF8*$!
{
	archiveVersion = 1;
	classes = {
	};
	objectVersion = 46;
	objects = {

/* Begin PBXBuildFile section */
		AAF77BB01CECB774009408DA /* main.m in Sources */ = {isa = PBXBuildFile; fileRef = AAF77BAF1CECB774009408DA /* main.m */; };
		AAF77BB31CECB774009408DA /* AppDelegate.m in Sources */ = {isa = PBXBuildFile; fileRef = AAF77BB21CECB774009408DA /* AppDelegate.m */; };
		AAF77BB91CECB775009408DA /* Main.storyboard in Resources */ = {isa = PBXBuildFile; fileRef = AAF77BB71CECB775009408DA /* Main.storyboard */; };
		AAF77BBB1CECB775009408DA /* Assets.xcassets in Resources */ = {isa = PBXBuildFile; fileRef = AAF77BBA1CECB775009408DA /* Assets.xcassets */; };
		AAF77BBE1CECB775009408DA /* LaunchScreen.storyboard in Resources */ = {isa = PBXBuildFile; fileRef = AAF77BBC1CECB775009408DA /* LaunchScreen.storyboard */; };
		AAF77BC81CECBA92009408DA /* SearchViewController.m in Sources */ = {isa = PBXBuildFile; fileRef = AAF77BC71CECBA92009408DA /* SearchViewController.m */; };
		AAF77BCC1CECBD6B009408DA /* Artist.m in Sources */ = {isa = PBXBuildFile; fileRef = AAF77BCB1CECBD6B009408DA /* Artist.m */; };
		AAF77BD61CECECDA009408DA /* NetworkManager.m in Sources */ = {isa = PBXBuildFile; fileRef = AAF77BD51CECECDA009408DA /* NetworkManager.m */; };
		AAF77BDA1CECF2D7009408DA /* TrackCell.m in Sources */ = {isa = PBXBuildFile; fileRef = AAF77BD91CECF2D7009408DA /* TrackCell.m */; };
		AAF77BE61CEDF538009408DA /* BuilderClass.m in Sources */ = {isa = PBXBuildFile; fileRef = AAF77BE51CEDF538009408DA /* BuilderClass.m */; };
		AAF77BEC1CEE0928009408DA /* ArtistCell.m in Sources */ = {isa = PBXBuildFile; fileRef = AAF77BEB1CEE0928009408DA /* ArtistCell.m */; };
		AAF77BEF1CEE0E61009408DA /* TopTracksTableViewController.m in Sources */ = {isa = PBXBuildFile; fileRef = AAF77BEE1CEE0E61009408DA /* TopTracksTableViewController.m */; };
		AAF77BF21CEE1C8F009408DA /* Track.m in Sources */ = {isa = PBXBuildFile; fileRef = AAF77BF11CEE1C8F009408DA /* Track.m */; };
/* End PBXBuildFile section */

/* Begin PBXFileReference section */
		AAF77BAB1CECB774009408DA /* TopTrack.app */ = {isa = PBXFileReference; explicitFileType = wrapper.application; includeInIndex = 0; path = TopTrack.app; sourceTree = BUILT_PRODUCTS_DIR; };
		AAF77BAF1CECB774009408DA /* main.m */ = {isa = PBXFileReference; lastKnownFileType = sourcecode.c.objc; path = main.m; sourceTree = "<group>"; };
		AAF77BB11CECB774009408DA /* AppDelegate.h */ = {isa = PBXFileReference; lastKnownFileType = sourcecode.c.h; path = AppDelegate.h; sourceTree = "<group>"; };
		AAF77BB21CECB774009408DA /* AppDelegate.m */ = {isa = PBXFileReference; lastKnownFileType = sourcecode.c.objc; path = AppDelegate.m; sourceTree = "<group>"; };
		AAF77BB81CECB775009408DA /* Base */ = {isa = PBXFileReference; lastKnownFileType = file.storyboard; name = Base; path = Base.lproj/Main.storyboard; sourceTree = "<group>"; };
		AAF77BBA1CECB775009408DA /* Assets.xcassets */ = {isa = PBXFileReference; lastKnownFileType = folder.assetcatalog; path = Assets.xcassets; sourceTree = "<group>"; };
		AAF77BBD1CECB775009408DA /* Base */ = {isa = PBXFileReference; lastKnownFileType = file.storyboard; name = Base; path = Base.lproj/LaunchScreen.storyboard; sourceTree = "<group>"; };
		AAF77BBF1CECB775009408DA /* Info.plist */ = {isa = PBXFileReference; lastKnownFileType = text.plist.xml; path = Info.plist; sourceTree = "<group>"; };
		AAF77BC61CECBA92009408DA /* SearchViewController.h */ = {isa = PBXFileReference; fileEncoding = 4; lastKnownFileType = sourcecode.c.h; path = SearchViewController.h; sourceTree = "<group>"; };
		AAF77BC71CECBA92009408DA /* SearchViewController.m */ = {isa = PBXFileReference; fileEncoding = 4; lastKnownFileType = sourcecode.c.objc; path = SearchViewController.m; sourceTree = "<group>"; };
		AAF77BCA1CECBD6B009408DA /* Artist.h */ = {isa = PBXFileReference; fileEncoding = 4; lastKnownFileType = sourcecode.c.h; path = Artist.h; sourceTree = "<group>"; };
		AAF77BCB1CECBD6B009408DA /* Artist.m */ = {isa = PBXFileReference; fileEncoding = 4; lastKnownFileType = sourcecode.c.objc; path = Artist.m; sourceTree = "<group>"; };
		AAF77BD41CECECDA009408DA /* NetworkManager.h */ = {isa = PBXFileReference; fileEncoding = 4; lastKnownFileType = sourcecode.c.h; path = NetworkManager.h; sourceTree = "<group>"; };
		AAF77BD51CECECDA009408DA /* NetworkManager.m */ = {isa = PBXFileReference; fileEncoding = 4; lastKnownFileType = sourcecode.c.objc; path = NetworkManager.m; sourceTree = "<group>"; };
		AAF77BD81CECF2D7009408DA /* TrackCell.h */ = {isa = PBXFileReference; fileEncoding = 4; lastKnownFileType = sourcecode.c.h; path = TrackCell.h; sourceTree = "<group>"; };
		AAF77BD91CECF2D7009408DA /* TrackCell.m */ = {isa = PBXFileReference; fileEncoding = 4; lastKnownFileType = sourcecode.c.objc; path = TrackCell.m; sourceTree = "<group>"; };
		AAF77BE41CEDF538009408DA /* BuilderClass.h */ = {isa = PBXFileReference; fileEncoding = 4; lastKnownFileType = sourcecode.c.h; path = BuilderClass.h; sourceTree = "<group>"; };
		AAF77BE51CEDF538009408DA /* BuilderClass.m */ = {isa = PBXFileReference; fileEncoding = 4; lastKnownFileType = sourcecode.c.objc; path = BuilderClass.m; sourceTree = "<group>"; };
		AAF77BEA1CEE0928009408DA /* ArtistCell.h */ = {isa = PBXFileReference; fileEncoding = 4; lastKnownFileType = sourcecode.c.h; path = ArtistCell.h; sourceTree = "<group>"; };
		AAF77BEB1CEE0928009408DA /* ArtistCell.m */ = {isa = PBXFileReference; fileEncoding = 4; lastKnownFileType = sourcecode.c.objc; path = ArtistCell.m; sourceTree = "<group>"; };
		AAF77BED1CEE0E61009408DA /* TopTracksTableViewController.h */ = {isa = PBXFileReference; fileEncoding = 4; lastKnownFileType = sourcecode.c.h; path = TopTracksTableViewController.h; sourceTree = "<group>"; };
		AAF77BEE1CEE0E61009408DA /* TopTracksTableViewController.m */ = {isa = PBXFileReference; fileEncoding = 4; lastKnownFileType = sourcecode.c.objc; path = TopTracksTableViewController.m; sourceTree = "<group>"; };
		AAF77BF01CEE1C8F009408DA /* Track.h */ = {isa = PBXFileReference; fileEncoding = 4; lastKnownFileType = sourcecode.c.h; path = Track.h; sourceTree = "<group>"; };
		AAF77BF11CEE1C8F009408DA /* Track.m */ = {isa = PBXFileReference; fileEncoding = 4; lastKnownFileType = sourcecode.c.objc; path = Track.m; sourceTree = "<group>"; };
/* End PBXFileReference section */

/* Begin PBXFrameworksBuildPhase section */
		AAF77BA81CECB774009408DA /* Frameworks */ = {
			isa = PBXFrameworksBuildPhase;
			buildActionMask = 2147483647;
			files = (
			);
			runOnlyForDeploymentPostprocessing = 0;
		};
/* End PBXFrameworksBuildPhase section */

/* Begin PBXGroup section */
		AAF77BA21CECB774009408DA = {
			isa = PBXGroup;
			children = (
				AAF77BAD1CECB774009408DA /* TopTrack */,
				AAF77BAC1CECB774009408DA /* Products */,
			);
			sourceTree = "<group>";
		};
		AAF77BAC1CECB774009408DA /* Products */ = {
			isa = PBXGroup;
			children = (
				AAF77BAB1CECB774009408DA /* TopTrack.app */,
			);
			name = Products;
			sourceTree = "<group>";
		};
		AAF77BAD1CECB774009408DA /* TopTrack */ = {
			isa = PBXGroup;
			children = (
				AAF77BD71CECF28C009408DA /* Custom Cell */,
				AAF77BD01CECEC88009408DA /* Networking */,
				AAF77BC91CECBD49009408DA /* Models */,
				AAF77BC51CECBA6B009408DA /* View Controllers */,
				AAF77BB11CECB774009408DA /* AppDelegate.h */,
				AAF77BB21CECB774009408DA /* AppDelegate.m */,
				AAF77BB71CECB775009408DA /* Main.storyboard */,
				AAF77BBA1CECB775009408DA /* Assets.xcassets */,
				AAF77BBC1CECB775009408DA /* LaunchScreen.storyboard */,
				AAF77BBF1CECB775009408DA /* Info.plist */,
				AAF77BAE1CECB774009408DA /* Supporting Files */,
			);
			path = TopTrack;
			sourceTree = "<group>";
		};
		AAF77BAE1CECB774009408DA /* Supporting Files */ = {
			isa = PBXGroup;
			children = (
				AAF77BAF1CECB774009408DA /* main.m */,
			);
			name = "Supporting Files";
			sourceTree = "<group>";
		};
		AAF77BC51CECBA6B009408DA /* View Controllers */ = {
			isa = PBXGroup;
			children = (
				AAF77BC61CECBA92009408DA /* SearchViewController.h */,
				AAF77BC71CECBA92009408DA /* SearchViewController.m */,
				AAF77BED1CEE0E61009408DA /* TopTracksTableViewController.h */,
				AAF77BEE1CEE0E61009408DA /* TopTracksTableViewController.m */,
			);
			name = "View Controllers";
			sourceTree = "<group>";
		};
		AAF77BC91CECBD49009408DA /* Models */ = {
			isa = PBXGroup;
			children = (
				AAF77BCA1CECBD6B009408DA /* Artist.h */,
				AAF77BCB1CECBD6B009408DA /* Artist.m */,
				AAF77BF01CEE1C8F009408DA /* Track.h */,
				AAF77BF11CEE1C8F009408DA /* Track.m */,
				AAF77BE41CEDF538009408DA /* BuilderClass.h */,
				AAF77BE51CEDF538009408DA /* BuilderClass.m */,
			);
			name = Models;
			sourceTree = "<group>";
		};
		AAF77BD01CECEC88009408DA /* Networking */ = {
			isa = PBXGroup;
			children = (
				AAF77BD41CECECDA009408DA /* NetworkManager.h */,
				AAF77BD51CECECDA009408DA /* NetworkManager.m */,
			);
			name = Networking;
			sourceTree = "<group>";
		};
		AAF77BD71CECF28C009408DA /* Custom Cell */ = {
			isa = PBXGroup;
			children = (
				AAF77BD81CECF2D7009408DA /* TrackCell.h */,
				AAF77BD91CECF2D7009408DA /* TrackCell.m */,
				AAF77BEA1CEE0928009408DA /* ArtistCell.h */,
				AAF77BEB1CEE0928009408DA /* ArtistCell.m */,
			);
			name = "Custom Cell";
			sourceTree = "<group>";
		};
/* End PBXGroup section */

/* Begin PBXNativeTarget section */
		AAF77BAA1CECB774009408DA /* TopTrack */ = {
			isa = PBXNativeTarget;
			buildConfigurationList = AAF77BC21CECB775009408DA /* Build configuration list for PBXNativeTarget "TopTrack" */;
			buildPhases = (
				AAF77BA71CECB774009408DA /* Sources */,
				AAF77BA81CECB774009408DA /* Frameworks */,
				AAF77BA91CECB774009408DA /* Resources */,
			);
			buildRules = (
			);
			dependencies = (
			);
			name = TopTrack;
			productName = TopTrack;
			productReference = AAF77BAB1CECB774009408DA /* TopTrack.app */;
			productType = "com.apple.product-type.application";
		};
/* End PBXNativeTarget section */

/* Begin PBXProject section */
		AAF77BA31CECB774009408DA /* Project object */ = {
			isa = PBXProject;
			attributes = {
				LastUpgradeCheck = 0720;
				ORGANIZATIONNAME = Training;
				TargetAttributes = {
					AAF77BAA1CECB774009408DA = {
						CreatedOnToolsVersion = 7.2;
					};
				};
			};
			buildConfigurationList = AAF77BA61CECB774009408DA /* Build configuration list for PBXProject "TopTrack" */;
			compatibilityVersion = "Xcode 3.2";
			developmentRegion = English;
			hasScannedForEncodings = 0;
			knownRegions = (
				en,
				Base,
			);
			mainGroup = AAF77BA21CECB774009408DA;
			productRefGroup = AAF77BAC1CECB774009408DA /* Products */;
			projectDirPath = "";
			projectRoot = "";
			targets = (
				AAF77BAA1CECB774009408DA /* TopTrack */,
			);
		};
/* End PBXProject section */

/* Begin PBXResourcesBuildPhase section */
		AAF77BA91CECB774009408DA /* Resources */ = {
			isa = PBXResourcesBuildPhase;
			buildActionMask = 2147483647;
			files = (
				AAF77BBE1CECB775009408DA /* LaunchScreen.storyboard in Resources */,
				AAF77BBB1CECB775009408DA /* Assets.xcassets in Resources */,
				AAF77BB91CECB775009408DA /* Main.storyboard in Resources */,
			);
			runOnlyForDeploymentPostprocessing = 0;
		};
/* End PBXResourcesBuildPhase section */

/* Begin PBXSourcesBuildPhase section */
		AAF77BA71CECB774009408DA /* Sources */ = {
			isa = PBXSourcesBuildPhase;
			buildActionMask = 2147483647;
			files = (
				AAF77BE61CEDF538009408DA /* BuilderClass.m in Sources */,
				AAF77BB31CECB774009408DA /* AppDelegate.m in Sources */,
				AAF77BDA1CECF2D7009408DA /* TrackCell.m in Sources */,
				AAF77BF21CEE1C8F009408DA /* Track.m in Sources */,
				AAF77BC81CECBA92009408DA /* SearchViewController.m in Sources */,
				AAF77BCC1CECBD6B009408DA /* Artist.m in Sources */,
				AAF77BD61CECECDA009408DA /* NetworkManager.m in Sources */,
				AAF77BEC1CEE0928009408DA /* ArtistCell.m in Sources */,
				AAF77BB01CECB774009408DA /* main.m in Sources */,
				AAF77BEF1CEE0E61009408DA /* TopTracksTableViewController.m in Sources */,
			);
			runOnlyForDeploymentPostprocessing = 0;
		};
/* End PBXSourcesBuildPhase section */

/* Begin PBXVariantGroup section */
		AAF77BB71CECB775009408DA /* Main.storyboard */ = {
			isa = PBXVariantGroup;
			children = (
				AAF77BB81CECB775009408DA /* Base */,
			);
			name = Main.storyboard;
			sourceTree = "<group>";
		};
		AAF77BBC1CECB775009408DA /* LaunchScreen.storyboard */ = {
			isa = PBXVariantGroup;
			children = (
				AAF77BBD1CECB775009408DA /* Base */,
			);
			name = LaunchScreen.storyboard;
			sourceTree = "<group>";
		};
/* End PBXVariantGroup section */

/* Begin XCBuildConfiguration section */
		AAF77BC01CECB775009408DA /* Debug */ = {
			isa = XCBuildConfiguration;
			buildSettings = {
				ALWAYS_SEARCH_USER_PATHS = NO;
				CLANG_CXX_LANGUAGE_STANDARD = "gnu++0x";
				CLANG_CXX_LIBRARY = "libc++";
				CLANG_ENABLE_MODULES = YES;
				CLANG_ENABLE_OBJC_ARC = YES;
				CLANG_WARN_BOOL_CONVERSION = YES;
				CLANG_WARN_CONSTANT_CONVERSION = YES;
				CLANG_WARN_DIRECT_OBJC_ISA_USAGE = YES_ERROR;
				CLANG_WARN_EMPTY_BODY = YES;
				CLANG_WARN_ENUM_CONVERSION = YES;
				CLANG_WARN_INT_CONVERSION = YES;
				CLANG_WARN_OBJC_ROOT_CLASS = YES_ERROR;
				CLANG_WARN_UNREACHABLE_CODE = YES;
				CLANG_WARN__DUPLICATE_METHOD_MATCH = YES;
				"CODE_SIGN_IDENTITY[sdk=iphoneos*]" = "iPhone Developer";
				COPY_PHASE_STRIP = NO;
				DEBUG_INFORMATION_FORMAT = dwarf;
				ENABLE_STRICT_OBJC_MSGSEND = YES;
				ENABLE_TESTABILITY = YES;
				GCC_C_LANGUAGE_STANDARD = gnu99;
				GCC_DYNAMIC_NO_PIC = NO;
				GCC_NO_COMMON_BLOCKS = YES;
				GCC_OPTIMIZATION_LEVEL = 0;
				GCC_PREPROCESSOR_DEFINITIONS = (
					"DEBUG=1",
					"$(inherited)",
				);
				GCC_WARN_64_TO_32_BIT_CONVERSION = YES;
				GCC_WARN_ABOUT_RETURN_TYPE = YES_ERROR;
				GCC_WARN_UNDECLARED_SELECTOR = YES;
				GCC_WARN_UNINITIALIZED_AUTOS = YES_AGGRESSIVE;
				GCC_WARN_UNUSED_FUNCTION = YES;
				GCC_WARN_UNUSED_VARIABLE = YES;
				IPHONEOS_DEPLOYMENT_TARGET = 9.2;
				MTL_ENABLE_DEBUG_INFO = YES;
				ONLY_ACTIVE_ARCH = YES;
				SDKROOT = iphoneos;
			};
			name = Debug;
		};
		AAF77BC11CECB775009408DA /* Release */ = {
			isa = XCBuildConfiguration;
			buildSettings = {
				ALWAYS_SEARCH_USER_PATHS = NO;
				CLANG_CXX_LANGUAGE_STANDARD = "gnu++0x";
				CLANG_CXX_LIBRARY = "libc++";
				CLANG_ENABLE_MODULES = YES;
				CLANG_ENABLE_OBJC_ARC = YES;
				CLANG_WARN_BOOL_CONVERSION = YES;
				CLANG_WARN_CONSTANT_CONVERSION = YES;
				CLANG_WARN_DIRECT_OBJC_ISA_USAGE = YES_ERROR;
				CLANG_WARN_EMPTY_BODY = YES;
				CLANG_WARN_ENUM_CONVERSION = YES;
				CLANG_WARN_INT_CONVERSION = YES;
				CLANG_WARN_OBJC_ROOT_CLASS = YES_ERROR;
				CLANG_WARN_UNREACHABLE_CODE = YES;
				CLANG_WARN__DUPLICATE_METHOD_MATCH = YES;
				"CODE_SIGN_IDENTITY[sdk=iphoneos*]" = "iPhone Developer";
				COPY_PHASE_STRIP = NO;
				DEBUG_INFORMATION_FORMAT = "dwarf-with-dsym";
				ENABLE_NS_ASSERTIONS = NO;
				ENABLE_STRICT_OBJC_MSGSEND = YES;
				GCC_C_LANGUAGE_STANDARD = gnu99;
				GCC_NO_COMMON_BLOCKS = YES;
				GCC_WARN_64_TO_32_BIT_CONVERSION = YES;
				GCC_WARN_ABOUT_RETURN_TYPE = YES_ERROR;
				GCC_WARN_UNDECLARED_SELECTOR = YES;
				GCC_WARN_UNINITIALIZED_AUTOS = YES_AGGRESSIVE;
				GCC_WARN_UNUSED_FUNCTION = YES;
				GCC_WARN_UNUSED_VARIABLE = YES;
				IPHONEOS_DEPLOYMENT_TARGET = 9.2;
				MTL_ENABLE_DEBUG_INFO = NO;
				SDKROOT = iphoneos;
				VALIDATE_PRODUCT = YES;
			};
			name = Release;
		};
		AAF77BC31CECB775009408DA /* Debug */ = {
			isa = XCBuildConfiguration;
			buildSettings = {
				ASSETCATALOG_COMPILER_APPICON_NAME = AppIcon;
				INFOPLIST_FILE = TopTrack/Info.plist;
				LD_RUNPATH_SEARCH_PATHS = "$(inherited) @executable_path/Frameworks";
				PRODUCT_BUNDLE_IDENTIFIER = com.training.TopTrack;
				PRODUCT_NAME = "$(TARGET_NAME)";
			};
			name = Debug;
		};
		AAF77BC41CECB775009408DA /* Release */ = {
			isa = XCBuildConfiguration;
			buildSettings = {
				ASSETCATALOG_COMPILER_APPICON_NAME = AppIcon;
				INFOPLIST_FILE = TopTrack/Info.plist;
				LD_RUNPATH_SEARCH_PATHS = "$(inherited) @executable_path/Frameworks";
				PRODUCT_BUNDLE_IDENTIFIER = com.training.TopTrack;
				PRODUCT_NAME = "$(TARGET_NAME)";
			};
			name = Release;
		};
/* End XCBuildConfiguration section */

/* Begin XCConfigurationList section */
		AAF77BA61CECB774009408DA /* Build configuration list for PBXProject "TopTrack" */ = {
			isa = XCConfigurationList;
			buildConfigurations = (
				AAF77BC01CECB775009408DA /* Debug */,
				AAF77BC11CECB775009408DA /* Release */,
			);
			defaultConfigurationIsVisible = 0;
			defaultConfigurationName = Release;
		};
		AAF77BC21CECB775009408DA /* Build configuration list for PBXNativeTarget "TopTrack" */ = {
			isa = XCConfigurationList;
			buildConfigurations = (
				AAF77BC31CECB775009408DA /* Debug */,
				AAF77BC41CECB775009408DA /* Release */,
			);
			defaultConfigurationIsVisible = 0;
			defaultConfigurationName = Release;
		};
/* End XCConfigurationList section */
	};
	rootObject = AAF77BA31CECB774009408DA /* Project object */;
}
